<?xml version="1.0" encoding="utf-8"?>
<Project ToolsVersion="4.0" xmlns="http://schemas.microsoft.com/developer/msbuild/2003">
  <ItemGroup>
    <Filter Include="Source Files">
      <UniqueIdentifier>{4FC737F1-C7A5-4376-A066-2A32D752A2FF}</UniqueIdentifier>
      <Extensions>cpp;c;cc;cxx;def;odl;idl;hpj;bat;asm;asmx</Extensions>
    </Filter>
    <Filter Include="Header Files">
      <UniqueIdentifier>{93995380-89BD-4b04-88EB-625FBE52EBFB}</UniqueIdentifier>
      <Extensions>h;hpp;hxx;hm;inl;inc;xsd</Extensions>
    </Filter>
    <Filter Include="Resource Files">
      <UniqueIdentifier>{67DA6AB6-F800-4c08-8B7A-83BB121AAD01}</UniqueIdentifier>
      <Extensions>rc;ico;cur;bmp;dlg;rc2;rct;bin;rgs;gif;jpg;jpeg;jpe;resx;tiff;tif;png;wav;mfcribbon-ms</Extensions>
    </Filter>
    <Filter Include="Header Files\Utils">
      <UniqueIdentifier>{4f2baff2-4b63-4500-b00e-51effffd4192}</UniqueIdentifier>
    </Filter>
    <Filter Include="Header Files\Utils\math">
      <UniqueIdentifier>{a6a65886-eb70-4ade-ac8c-9d02ee317655}</UniqueIdentifier>
    </Filter>
    <Filter Include="Header Files\Input">
      <UniqueIdentifier>{cdbdddd7-2b37-4510-967d-5759ff8949e2}</UniqueIdentifier>
    </Filter>
    <Filter Include="Source Files\World">
      <UniqueIdentifier>{3d7f6f12-76f5-4cf4-b48b-68fb2aaaed3b}</UniqueIdentifier>
    </Filter>
    <Filter Include="Header Files\World">
      <UniqueIdentifier>{cb7ea3ce-d601-4764-9418-b8f4f514ee18}</UniqueIdentifier>
    </Filter>
    <Filter Include="Source Files\Input">
      <UniqueIdentifier>{877e9364-c6f0-46b3-a43d-1c4b39aff709}</UniqueIdentifier>
    </Filter>
    <Filter Include="Header Files\Actor">
      <UniqueIdentifier>{a0aa222a-b311-41da-92ad-59971b19f695}</UniqueIdentifier>
    </Filter>
    <Filter Include="Header Files\World\block">
      <UniqueIdentifier>{2ceb9b79-cdfb-4fb6-97d4-2a582b78e025}</UniqueIdentifier>
    </Filter>
    <Filter Include="Source Files\Actor">
      <UniqueIdentifier>{73eb82dc-195a-40ee-87bb-809dd8ad81fd}</UniqueIdentifier>
    </Filter>
    <Filter Include="Header Files\Resource">
      <UniqueIdentifier>{7bc8a55f-9cc8-41ee-a020-a2d65ee613f4}</UniqueIdentifier>
    </Filter>
    <Filter Include="Source Files\Resource">
      <UniqueIdentifier>{a69f0888-8cb7-47cd-b0e9-d4006325a159}</UniqueIdentifier>
    </Filter>
    <Filter Include="Source Files\Utils">
      <UniqueIdentifier>{55796ef4-f452-4576-a132-58496b87a36a}</UniqueIdentifier>
    </Filter>
    <Filter Include="Header Files\Utils\Geometery">
      <UniqueIdentifier>{495f65a4-e91a-48bc-9480-05d0515f40b1}</UniqueIdentifier>
    </Filter>
    <Filter Include="Source Files\Utils\Geometery">
      <UniqueIdentifier>{37601906-c710-4d79-bb12-a8b31cd98582}</UniqueIdentifier>
    </Filter>
    <Filter Include="Header Files\Items">
      <UniqueIdentifier>{f1596b5c-5ce1-41dd-aec9-dfdd794ebbac}</UniqueIdentifier>
    </Filter>
    <Filter Include="Header Files\Utils\General">
      <UniqueIdentifier>{e2eb1fab-0fe4-4dbb-addf-ee7577a889b5}</UniqueIdentifier>
    </Filter>
    <Filter Include="Header Files\Renderer">
      <UniqueIdentifier>{84f9eeb1-203f-426d-980b-a2db6a386931}</UniqueIdentifier>
    </Filter>
    <Filter Include="Header Files\Renderer\Texture">
      <UniqueIdentifier>{9347d87a-95f7-4f14-a171-3912ef34271c}</UniqueIdentifier>
    </Filter>
    <Filter Include="Source Files\Renderer">
      <UniqueIdentifier>{1928134b-fc07-442b-b615-05257b2f336b}</UniqueIdentifier>
    </Filter>
    <Filter Include="Source Files\Renderer\Texture">
      <UniqueIdentifier>{90987e4e-d57e-44f8-a10a-6423fc32cce2}</UniqueIdentifier>
    </Filter>
    <Filter Include="Source Files\Item">
      <UniqueIdentifier>{01d75fa1-04df-4456-966b-6550c24d2922}</UniqueIdentifier>
    </Filter>
    <Filter Include="Header Files\Thread">
      <UniqueIdentifier>{443d76be-0a5f-43c5-8d94-c9061152cdd2}</UniqueIdentifier>
    </Filter>
    <Filter Include="Source Files\Thread">
      <UniqueIdentifier>{92971097-2966-4ec1-9f5c-23154d29224c}</UniqueIdentifier>
    </Filter>
  </ItemGroup>
  <ItemGroup>
    <ClCompile Include="main.cpp">
      <Filter>Source Files</Filter>
    </ClCompile>
    <ClCompile Include="World.cpp">
      <Filter>Source Files\World</Filter>
    </ClCompile>
    <ClCompile Include="InputController.cpp">
      <Filter>Source Files\Input</Filter>
    </ClCompile>
    <ClCompile Include="Block.cpp">
      <Filter>Source Files\World</Filter>
    </ClCompile>
    <ClCompile Include="Actor.cpp">
      <Filter>Source Files\Actor</Filter>
    </ClCompile>
    <ClCompile Include="Player.cpp">
      <Filter>Source Files\Actor</Filter>
    </ClCompile>
    <ClCompile Include="Camera.cpp">
      <Filter>Source Files\Actor</Filter>
    </ClCompile>
    <ClCompile Include="Texture.cpp">
      <Filter>Source Files\Renderer\Texture</Filter>
    </ClCompile>
    <ClCompile Include="stb_image.c">
      <Filter>Header Files\Renderer\Texture</Filter>
    </ClCompile>
    <ClCompile Include="TextureFactory.cpp">
      <Filter>Source Files\Renderer\Texture</Filter>
    </ClCompile>
    <ClCompile Include="ResourceManager.cpp">
      <Filter>Source Files\Resource</Filter>
    </ClCompile>
    <ClCompile Include="Object.cpp">
      <Filter>Source Files\World</Filter>
    </ClCompile>
    <ClCompile Include="Color.cpp">
      <Filter>Source Files\Utils</Filter>
    </ClCompile>
    <ClCompile Include="Terrain.cpp">
      <Filter>Source Files\World</Filter>
    </ClCompile>
    <ClCompile Include="blocktypes.cpp">
      <Filter>Source Files\World</Filter>
    </ClCompile>
    <ClCompile Include="Cube.cpp">
      <Filter>Source Files\Utils\Geometery</Filter>
    </ClCompile>
    <ClCompile Include="Chunk.cpp">
      <Filter>Source Files\World</Filter>
    </ClCompile>
    <ClCompile Include="PerlinNoise.cpp">
      <Filter>Source Files\Utils</Filter>
    </ClCompile>
    <ClCompile Include="Renderer.cpp">
      <Filter>Source Files\Renderer</Filter>
    </ClCompile>
    <ClCompile Include="ItemDB.cpp">
      <Filter>Source Files\Item</Filter>
    </ClCompile>
    <ClCompile Include="Item_Block.cpp">
      <Filter>Source Files\Item</Filter>
    </ClCompile>
    <ClCompile Include="Thread.cpp">
      <Filter>Source Files\Thread</Filter>
    </ClCompile>
    <ClCompile Include="GLThread.cpp">
      <Filter>Source Files\Thread</Filter>
    </ClCompile>
  </ItemGroup>
  <ItemGroup>
    <ClInclude Include="main.h">
      <Filter>Header Files</Filter>
    </ClInclude>
    <ClInclude Include="window.h">
      <Filter>Header Files\Utils</Filter>
    </ClInclude>
    <ClInclude Include="blocktypes.h">
      <Filter>Header Files\World\block</Filter>
    </ClInclude>
    <ClInclude Include="Block.h">
      <Filter>Header Files\World\block</Filter>
    </ClInclude>
    <ClInclude Include="Vector.h">
      <Filter>Header Files\Utils\math</Filter>
    </ClInclude>
    <ClInclude Include="Matrix.h">
      <Filter>Header Files\Utils\math</Filter>
    </ClInclude>
    <ClInclude Include="math_util.h">
      <Filter>Header Files\Utils\math</Filter>
    </ClInclude>
    <ClInclude Include="InputListener.h">
      <Filter>Header Files\Input</Filter>
    </ClInclude>
    <ClInclude Include="World.h">
      <Filter>Header Files\World</Filter>
    </ClInclude>
    <ClInclude Include="Input.h">
      <Filter>Header Files\Input</Filter>
    </ClInclude>
    <ClInclude Include="InputController.h">
      <Filter>Header Files\Input</Filter>
    </ClInclude>
    <ClInclude Include="Actor.h">
      <Filter>Header Files\Actor</Filter>
    </ClInclude>
    <ClInclude Include="Player.h">
      <Filter>Header Files\Actor</Filter>
    </ClInclude>
    <ClInclude Include="Chunk.h">
      <Filter>Header Files\World</Filter>
    </ClInclude>
    <ClInclude Include="Camera.h">
      <Filter>Header Files\Actor</Filter>
    </ClInclude>
    <ClInclude Include="Texture.h">
      <Filter>Header Files\Renderer\Texture</Filter>
    </ClInclude>
    <ClInclude Include="TextureFactory.h">
      <Filter>Header Files\Renderer\Texture</Filter>
    </ClInclude>
    <ClInclude Include="ResourceManager.h">
      <Filter>Header Files\Resource</Filter>
    </ClInclude>
    <ClInclude Include="Object.h">
      <Filter>Header Files\World</Filter>
    </ClInclude>
    <ClInclude Include="Color.h">
      <Filter>Header Files\Utils</Filter>
    </ClInclude>
    <ClInclude Include="Terrain.h">
      <Filter>Header Files\World</Filter>
    </ClInclude>
    <ClInclude Include="Plane.h">
      <Filter>Header Files\Utils\Geometery</Filter>
    </ClInclude>
    <ClInclude Include="Cube.h">
      <Filter>Header Files\Utils\Geometery</Filter>
    </ClInclude>
    <ClInclude Include="Item.h">
      <Filter>Header Files\Items</Filter>
    </ClInclude>
    <ClInclude Include="gl.h">
      <Filter>Header Files\Utils</Filter>
    </ClInclude>
    <ClInclude Include="PerlinNoise.h">
      <Filter>Header Files\Utils</Filter>
    </ClInclude>
    <ClInclude Include="console.h">
      <Filter>Header Files\Utils\General</Filter>
    </ClInclude>
    <ClInclude Include="Singleton.h">
      <Filter>Header Files\Utils\General</Filter>
    </ClInclude>
    <ClInclude Include="strutil.h">
      <Filter>Header Files\Utils\General</Filter>
    </ClInclude>
    <ClInclude Include="Renderer.h">
      <Filter>Header Files\Renderer</Filter>
    </ClInclude>
    <ClInclude Include="Items.h">
      <Filter>Header Files\Items</Filter>
    </ClInclude>
    <ClInclude Include="Item_Block.h">
      <Filter>Header Files\Items</Filter>
    </ClInclude>
    <ClInclude Include="ItemDB.h">
      <Filter>Header Files\Items</Filter>
    </ClInclude>
    <ClInclude Include="Item_Tool.h">
      <Filter>Header Files\Items</Filter>
    </ClInclude>
    <ClInclude Include="GLThread.h">
      <Filter>Header Files\Thread</Filter>
    </ClInclude>
    <ClInclude Include="Thread.h">
      <Filter>Header Files\Thread</Filter>
    </ClInclude>
    <ClInclude Include="WinThread.h">
      <Filter>Header Files\Thread</Filter>
    </ClInclude>
    <ClInclude Include="ThreadSafeQueue.h">
      <Filter>Header Files</Filter>
    </ClInclude>
  </ItemGroup>
</Project>